
Microsoft Visual Studio Solution File, Format Version 12.00
# Visual Studio Version 17
VisualStudioVersion = 17.5.33627.172
MinimumVisualStudioVersion = 10.0.40219.1
Project("{FAE04EC0-301F-11D3-BF4B-00C04F79EFBC}") = "BeautyParlor", "BeautyParlor.csproj", "{FABEAFC6-A9C5-483C-9C10-B78512058D11}"
EndProject
Global
	GlobalSection(SolutionConfigurationPlatforms) = preSolution
		Debug|Any CPU = Debug|Any CPU
		Release|Any CPU = Release|Any CPU
	EndGlobalSection
	GlobalSection(ProjectConfigurationPlatforms) = postSolution
		{FABEAFC6-A9C5-483C-9C10-B78512058D11}.Debug|Any CPU.ActiveCfg = Debug|Any CPU
		{FABEAFC6-A9C5-483C-9C10-B78512058D11}.Debug|Any CPU.Build.0 = Debug|Any CPU
		{FABEAFC6-A9C5-483C-9C10-B78512058D11}.Release|Any CPU.ActiveCfg = Release|Any CPU
		{FABEAFC6-A9C5-483C-9C10-B78512058D11}.Release|Any CPU.Build.0 = Release|Any CPU
	EndGlobalSection
	GlobalSection(SolutionProperties) = preSolution
		HideSolutionNode = FALSE
	EndGlobalSection
	GlobalSection(ExtensibilityGlobals) = postSolution
		SolutionGuid = {068E8D2D-B85D-4845-90DE-FB287E6A9519}
	EndGlobalSection
EndGlobal
